// !$*UTF8*$!
{
	archiveVersion = 1;
	classes = {
	};
	objectVersion = 46;
	objects = {

/* Begin PBXBuildFile section */
		BBE816BC1C0C30B9004D4B2A /* AppDelegate.swift in Sources */ = {isa = PBXBuildFile; fileRef = BBE816BB1C0C30B9004D4B2A /* AppDelegate.swift */; };
		BBE816BE1C0C30B9004D4B2A /* ViewController.swift in Sources */ = {isa = PBXBuildFile; fileRef = BBE816BD1C0C30B9004D4B2A /* ViewController.swift */; };
		BBE816C11C0C30B9004D4B2A /* Main.storyboard in Resources */ = {isa = PBXBuildFile; fileRef = BBE816BF1C0C30B9004D4B2A /* Main.storyboard */; };
		BBE816C31C0C30B9004D4B2A /* Assets.xcassets in Resources */ = {isa = PBXBuildFile; fileRef = BBE816C21C0C30B9004D4B2A /* Assets.xcassets */; };
		BBE816C61C0C30B9004D4B2A /* LaunchScreen.storyboard in Resources */ = {isa = PBXBuildFile; fileRef = BBE816C41C0C30B9004D4B2A /* LaunchScreen.storyboard */; };
/* End PBXBuildFile section */

/* Begin PBXFileReference section */
		BBE816B81C0C30B9004D4B2A /* CalculatorDemo.app */ = {isa = PBXFileReference; explicitFileType = wrapper.application; includeInIndex = 0; path = CalculatorDemo.app; sourceTree = BUILT_PRODUCTS_DIR; };
		BBE816BB1C0C30B9004D4B2A /* AppDelegate.swift */ = {isa = PBXFileReference; lastKnownFileType = sourcecode.swift; path = AppDelegate.swift; sourceTree = "<group>"; };
		BBE816BD1C0C30B9004D4B2A /* ViewController.swift */ = {isa = PBXFileReference; lastKnownFileType = sourcecode.swift; path = ViewController.swift; sourceTree = "<group>"; };
		BBE816C01C0C30B9004D4B2A /* Base */ = {isa = PBXFileReference; lastKnownFileType = file.storyboard; name = Base; path = Base.lproj/Main.storyboard; sourceTree = "<group>"; };
		BBE816C21C0C30B9004D4B2A /* Assets.xcassets */ = {isa = PBXFileReference; lastKnownFileType = folder.assetcatalog; path = Assets.xcassets; sourceTree = "<group>"; };
		BBE816C51C0C30B9004D4B2A /* Base */ = {isa = PBXFileReference; lastKnownFileType = file.storyboard; name = Base; path = Base.lproj/LaunchScreen.storyboard; sourceTree = "<group>"; };
		BBE816C71C0C30B9004D4B2A /* Info.plist */ = {isa = PBXFileReference; lastKnownFileType = text.plist.xml; path = Info.plist; sourceTree = "<group>"; };
/* End PBXFileReference section */

/* Begin PBXFrameworksBuildPhase section */
		BBE816B51C0C30B9004D4B2A /* Frameworks */ = {
			isa = PBXFrameworksBuildPhase;
			buildActionMask = 2147483647;
			files = (
			);
			runOnlyForDeploymentPostprocessing = 0;
		};
/* End PBXFrameworksBuildPhase section */

/* Begin PBXGroup section */
		BBE816AF1C0C30B9004D4B2A = {
			isa = PBXGroup;
			children = (
				BBE816BA1C0C30B9004D4B2A /* CalculatorDemo */,
				BBE816B91C0C30B9004D4B2A /* Products */,
			);
			sourceTree = "<group>";
		};
		BBE816B91C0C30B9004D4B2A /* Products */ = {
			isa = PBXGroup;
			children = (
				BBE816B81C0C30B9004D4B2A /* CalculatorDemo.app */,
			);
			name = Products;
			sourceTree = "<group>";
		};
		BBE816BA1C0C30B9004D4B2A /* CalculatorDemo */ = {
			isa = PBXGroup;
			children = (
				BBE816BB1C0C30B9004D4B2A /* AppDelegate.swift */,
				BBE816BD1C0C30B9004D4B2A /* ViewController.swift */,
				BBE816BF1C0C30B9004D4B2A /* Main.storyboard */,
				BBE816C21C0C30B9004D4B2A /* Assets.xcassets */,
				BBE816C41C0C30B9004D4B2A /* LaunchScreen.storyboard */,
				BBE816C71C0C30B9004D4B2A /* Info.plist */,
			);
			path = CalculatorDemo;
			sourceTree = "<group>";
		};
/* End PBXGroup section */

/* Begin PBXNativeTarget section */
		BBE816B71C0C30B9004D4B2A /* CalculatorDemo */ = {
			isa = PBXNativeTarget;
			buildConfigurationList = BBE816CA1C0C30B9004D4B2A /* Build configuration list for PBXNativeTarget "CalculatorDemo" */;
			buildPhases = (
				BBE816B41C0C30B9004D4B2A /* Sources */,
				BBE816B51C0C30B9004D4B2A /* Frameworks */,
				BBE816B61C0C30B9004D4B2A /* Resources */,
			);
			buildRules = (
			);
			dependencies = (
			);
			name = CalculatorDemo;
			productName = CalculatorDemo;
			productReference = BBE816B81C0C30B9004D4B2A /* CalculatorDemo.app */;
			productType = "com.apple.product-type.application";
		};
/* End PBXNativeTarget section */

/* Begin PBXProject section */
		BBE816B01C0C30B9004D4B2A /* Project object */ = {
			isa = PBXProject;
			attributes = {
				LastSwiftUpdateCheck = 0710;
				LastUpgradeCheck = 0710;
				ORGANIZATIONNAME = softmobile;
				TargetAttributes = {
					BBE816B71C0C30B9004D4B2A = {
						CreatedOnToolsVersion = 7.1;
						DevelopmentTeam = 6Y9BHBZQHR;
					};
				};
			};
			buildConfigurationList = BBE816B31C0C30B9004D4B2A /* Build configuration list for PBXProject "CalculatorDemo" */;
			compatibilityVersion = "Xcode 3.2";
			developmentRegion = English;
			hasScannedForEncodings = 0;
			knownRegions = (
				en,
				Base,
			);
			mainGroup = BBE816AF1C0C30B9004D4B2A;
			productRefGroup = BBE816B91C0C30B9004D4B2A /* Products */;
			projectDirPath = "";
			projectRoot = "";
			targets = (
				BBE816B71C0C30B9004D4B2A /* CalculatorDemo */,
			);
		};
/* End PBXProject section */

/* Begin PBXResourcesBuildPhase section */
		BBE816B61C0C30B9004D4B2A /* Resources */ = {
			isa = PBXResourcesBuildPhase;
			buildActionMask = 2147483647;
			files = (
				BBE816C61C0C30B9004D4B2A /* LaunchScreen.storyboard in Resources */,
				BBE816C31C0C30B9004D4B2A /* Assets.xcassets in Resources */,
				BBE816C11C0C30B9004D4B2A /* Main.storyboard in Resources */,
			);
			runOnlyForDeploymentPostprocessing = 0;
		};
/* End PBXResourcesBuildPhase section */

/* Begin PBXSourcesBuildPhase section */
		BBE816B41C0C30B9004D4B2A /* Sources */ = {
			isa = PBXSourcesBuildPhase;
			buildActionMask = 2147483647;
			files = (
				BBE816BE1C0C30B9004D4B2A /* ViewController.swift in Sources */,
				BBE816BC1C0C30B9004D4B2A /* AppDelegate.swift in Sources */,
			);
			runOnlyForDeploymentPostprocessing = 0;
		};
/* End PBXSourcesBuildPhase section */

/* Begin PBXVariantGroup section */
		BBE816BF1C0C30B9004D4B2A /* Main.storyboard */ = {
			isa = PBXVariantGroup;
			children = (
				BBE816C01C0C30B9004D4B2A /* Base */,
			);
			name = Main.storyboard;
			sourceTree = "<group>";
		};
		BBE816C41C0C30B9004D4B2A /* LaunchScreen.storyboard */ = {
			isa = PBXVariantGroup;
			children = (
				BBE816C51C0C30B9004D4B2A /* Base */,
			);
			name = LaunchScreen.storyboard;
			sourceTree = "<group>";
		};
/* End PBXVariantGroup section */

/* Begin XCBuildConfiguration section */
		BBE816C81C0C30B9004D4B2A /* Debug */ = {
			isa = XCBuildConfiguration;
			buildSettings = {
				ALWAYS_SEARCH_USER_PATHS = NO;
				CLANG_CXX_LANGUAGE_STANDARD = "gnu++0x";
				CLANG_CXX_LIBRARY = "libc++";
				CLANG_ENABLE_MODULES = YES;
				CLANG_ENABLE_OBJC_ARC = YES;
				CLANG_WARN_BOOL_CONVERSION = YES;
				CLANG_WARN_CONSTANT_CONVERSION = YES;
				CLANG_WARN_DIRECT_OBJC_ISA_USAGE = YES_ERROR;
				CLANG_WARN_EMPTY_BODY = YES;
				CLANG_WARN_ENUM_CONVERSION = YES;
				CLANG_WARN_INT_CONVERSION = YES;
				CLANG_WARN_OBJC_ROOT_CLASS = YES_ERROR;
				CLANG_WARN_UNREACHABLE_CODE = YES;
				CLANG_WARN__DUPLICATE_METHOD_MATCH = YES;
				"CODE_SIGN_IDENTITY[sdk=iphoneos*]" = "iPhone Developer";
				COPY_PHASE_STRIP = NO;
				DEBUG_INFORMATION_FORMAT = dwarf;
				ENABLE_STRICT_OBJC_MSGSEND = YES;
				ENABLE_TESTABILITY = YES;
				GCC_C_LANGUAGE_STANDARD = gnu99;
				GCC_DYNAMIC_NO_PIC = NO;
				GCC_NO_COMMON_BLOCKS = YES;
				GCC_OPTIMIZATION_LEVEL = 0;
				GCC_PREPROCESSOR_DEFINITIONS = (
					"DEBUG=1",
					"$(inherited)",
				);
				GCC_WARN_64_TO_32_BIT_CONVERSION = YES;
				GCC_WARN_ABOUT_RETURN_TYPE = YES_ERROR;
				GCC_WARN_UNDECLARED_SELECTOR = YES;
				GCC_WARN_UNINITIALIZED_AUTOS = YES_AGGRESSIVE;
				GCC_WARN_UNUSED_FUNCTION = YES;
				GCC_WARN_UNUSED_VARIABLE = YES;
				IPHONEOS_DEPLOYMENT_TARGET = 9.1;
				MTL_ENABLE_DEBUG_INFO = YES;
				ONLY_ACTIVE_ARCH = YES;
				SDKROOT = iphoneos;
				SWIFT_OPTIMIZATION_LEVEL = "-Onone";
			};
			name = Debug;
		};
		BBE816C91C0C30B9004D4B2A /* Release */ = {
			isa = XCBuildConfiguration;
			buildSettings = {
				ALWAYS_SEARCH_USER_PATHS = NO;
				CLANG_CXX_LANGUAGE_STANDARD = "gnu++0x";
				CLANG_CXX_LIBRARY = "libc++";
				CLANG_ENABLE_MODULES = YES;
				CLANG_ENABLE_OBJC_ARC = YES;
				CLANG_WARN_BOOL_CONVERSION = YES;
				CLANG_WARN_CONSTANT_CONVERSION = YES;
				CLANG_WARN_DIRECT_OBJC_ISA_USAGE = YES_ERROR;
				CLANG_WARN_EMPTY_BODY = YES;
				CLANG_WARN_ENUM_CONVERSION = YES;
				CLANG_WARN_INT_CONVERSION = YES;
				CLANG_WARN_OBJC_ROOT_CLASS = YES_ERROR;
				CLANG_WARN_UNREACHABLE_CODE = YES;
				CLANG_WARN__DUPLICATE_METHOD_MATCH = YES;
				"CODE_SIGN_IDENTITY[sdk=iphoneos*]" = "iPhone Developer";
				COPY_PHASE_STRIP = NO;
				DEBUG_INFORMATION_FORMAT = "dwarf-with-dsym";
				ENABLE_NS_ASSERTIONS = NO;
				ENABLE_STRICT_OBJC_MSGSEND = YES;
				GCC_C_LANGUAGE_STANDARD = gnu99;
				GCC_NO_COMMON_BLOCKS = YES;
				GCC_WARN_64_TO_32_BIT_CONVERSION = YES;
				GCC_WARN_ABOUT_RETURN_TYPE = YES_ERROR;
				GCC_WARN_UNDECLARED_SELECTOR = YES;
				GCC_WARN_UNINITIALIZED_AUTOS = YES_AGGRESSIVE;
				GCC_WARN_UNUSED_FUNCTION = YES;
				GCC_WARN_UNUSED_VARIABLE = YES;
				IPHONEOS_DEPLOYMENT_TARGET = 9.1;
				MTL_ENABLE_DEBUG_INFO = NO;
				SDKROOT = iphoneos;
				VALIDATE_PRODUCT = YES;
			};
			name = Release;
		};
		BBE816CB1C0C30B9004D4B2A /* Debug */ = {
			isa = XCBuildConfiguration;
			buildSettings = {
				ASSETCATALOG_COMPILER_APPICON_NAME = AppIcon;
				ASSETCATALOG_COMPILER_LAUNCHIMAGE_NAME = LaunchImage;
				CODE_SIGN_IDENTITY = "iPhone Developer: Softmobile Systex (TSAZT4N7J4)";
				"CODE_SIGN_IDENTITY[sdk=iphoneos*]" = "iPhone Developer: Softmobile Systex (TSAZT4N7J4)";
				INFOPLIST_FILE = CalculatorDemo/Info.plist;
				IPHONEOS_DEPLOYMENT_TARGET = 8.0;
				LD_RUNPATH_SEARCH_PATHS = "$(inherited) @executable_path/Frameworks";
				PRODUCT_BUNDLE_IDENTIFIER = com.givingjan.CalculatorDemo;
				PRODUCT_NAME = "$(TARGET_NAME)";
				PROVISIONING_PROFILE = "";
			};
			name = Debug;
		};
		BBE816CC1C0C30B9004D4B2A /* Release */ = {
			isa = XCBuildConfiguration;
			buildSettings = {
				ASSETCATALOG_COMPILER_APPICON_NAME = AppIcon;
				ASSETCATALOG_COMPILER_LAUNCHIMAGE_NAME = LaunchImage;
				CODE_SIGN_IDENTITY = "iPhone Developer: Softmobile Systex (TSAZT4N7J4)";
				"CODE_SIGN_IDENTITY[sdk=iphoneos*]" = "iPhone Developer: Softmobile Systex (TSAZT4N7J4)";
				INFOPLIST_FILE = CalculatorDemo/Info.plist;
				IPHONEOS_DEPLOYMENT_TARGET = 8.0;
				LD_RUNPATH_SEARCH_PATHS = "$(inherited) @executable_path/Frameworks";
				PRODUCT_BUNDLE_IDENTIFIER = com.givingjan.CalculatorDemo;
				PRODUCT_NAME = "$(TARGET_NAME)";
				PROVISIONING_PROFILE = "";
			};
			name = Release;
		};
/* End XCBuildConfiguration section */

/* Begin XCConfigurationList section */
		BBE816B31C0C30B9004D4B2A /* Build configuration list for PBXProject "CalculatorDemo" */ = {
			isa = XCConfigurationList;
			buildConfigurations = (
				BBE816C81C0C30B9004D4B2A /* Debug */,
				BBE816C91C0C30B9004D4B2A /* Release */,
			);
			defaultConfigurationIsVisible = 0;
			defaultConfigurationName = Release;
		};
		BBE816CA1C0C30B9004D4B2A /* Build configuration list for PBXNativeTarget "CalculatorDemo" */ = {
			isa = XCConfigurationList;
			buildConfigurations = (
				BBE816CB1C0C30B9004D4B2A /* Debug */,
				BBE816CC1C0C30B9004D4B2A /* Release */,
			);
			defaultConfigurationIsVisible = 0;
			defaultConfigurationName = Release;
		};
/* End XCConfigurationList section */
	};
	rootObject = BBE816B01C0C30B9004D4B2A /* Project object */;
}
